
Microsoft Visual Studio Solution File, Format Version 12.00
# Visual Studio Version 17
VisualStudioVersion = 17.4.33205.214
MinimumVisualStudioVersion = 10.0.40219.1
Project("{FAE04EC0-301F-11D3-BF4B-00C04F79EFBC}") = "randomStuff", "randomStuff\randomStuff.csproj", "{8BD925FE-C75D-4E22-85BA-8722BA11CA75}"
EndProject
Global
	GlobalSection(SolutionConfigurationPlatforms) = preSolution
		Debug|Any CPU = Debug|Any CPU
		Release|Any CPU = Release|Any CPU
	EndGlobalSection
	GlobalSection(ProjectConfigurationPlatforms) = postSolution
		{8BD925FE-C75D-4E22-85BA-8722BA11CA75}.Debug|Any CPU.ActiveCfg = Debug|Any CPU
		{8BD925FE-C75D-4E22-85BA-8722BA11CA75}.Debug|Any CPU.Build.0 = Debug|Any CPU
		{8BD925FE-C75D-4E22-85BA-8722BA11CA75}.Release|Any CPU.ActiveCfg = Release|Any CPU
		{8BD925FE-C75D-4E22-85BA-8722BA11CA75}.Release|Any CPU.Build.0 = Release|Any CPU
	EndGlobalSection
	GlobalSection(SolutionProperties) = preSolution
		HideSolutionNode = FALSE
	EndGlobalSection
	GlobalSection(ExtensibilityGlobals) = postSolution
		SolutionGuid = {857378AB-9357-4081-BA8A-A243964AD1E5}
	EndGlobalSection
EndGlobal
